
Microsoft Visual Studio Solution File, Format Version 12.00
# Visual Studio 15
VisualStudioVersion = 15.0.28307.1082
MinimumVisualStudioVersion = 10.0.40219.1
Project("{00D1A9C2-B5F0-4AF3-8072-F6C62B433612}") = "TestDb", "TestDb\TestDb.sqlproj", "{75FB443A-1DF8-48A3-B18C-513B03D6C399}"
EndProject
Project("{159641D6-6404-4A2A-AE62-294DE0FE8301}") = "TestLoader", "TestLoader\TestLoader.dtproj", "{0C8A01F4-EA78-4F8E-BD76-97F17E6A05CA}"
EndProject
Global
	GlobalSection(SolutionConfigurationPlatforms) = preSolution
		Debug|Any CPU = Debug|Any CPU
		Development|Any CPU = Development|Any CPU
		Release|Any CPU = Release|Any CPU
	EndGlobalSection
	GlobalSection(ProjectConfigurationPlatforms) = postSolution
		{75FB443A-1DF8-48A3-B18C-513B03D6C399}.Debug|Any CPU.ActiveCfg = Debug|Any CPU
		{75FB443A-1DF8-48A3-B18C-513B03D6C399}.Debug|Any CPU.Build.0 = Debug|Any CPU
		{75FB443A-1DF8-48A3-B18C-513B03D6C399}.Debug|Any CPU.Deploy.0 = Debug|Any CPU
		{75FB443A-1DF8-48A3-B18C-513B03D6C399}.Development|Any CPU.ActiveCfg = Debug|Any CPU
		{75FB443A-1DF8-48A3-B18C-513B03D6C399}.Development|Any CPU.Build.0 = Debug|Any CPU
		{75FB443A-1DF8-48A3-B18C-513B03D6C399}.Development|Any CPU.Deploy.0 = Debug|Any CPU
		{75FB443A-1DF8-48A3-B18C-513B03D6C399}.Release|Any CPU.ActiveCfg = Release|Any CPU
		{75FB443A-1DF8-48A3-B18C-513B03D6C399}.Release|Any CPU.Build.0 = Release|Any CPU
		{75FB443A-1DF8-48A3-B18C-513B03D6C399}.Release|Any CPU.Deploy.0 = Release|Any CPU
		{0C8A01F4-EA78-4F8E-BD76-97F17E6A05CA}.Debug|Any CPU.ActiveCfg = Development
		{0C8A01F4-EA78-4F8E-BD76-97F17E6A05CA}.Debug|Any CPU.Build.0 = Development
		{0C8A01F4-EA78-4F8E-BD76-97F17E6A05CA}.Development|Any CPU.ActiveCfg = Development
		{0C8A01F4-EA78-4F8E-BD76-97F17E6A05CA}.Development|Any CPU.Build.0 = Development
		{0C8A01F4-EA78-4F8E-BD76-97F17E6A05CA}.Release|Any CPU.ActiveCfg = Development
		{0C8A01F4-EA78-4F8E-BD76-97F17E6A05CA}.Release|Any CPU.Build.0 = Development
	EndGlobalSection
	GlobalSection(SolutionProperties) = preSolution
		HideSolutionNode = FALSE
	EndGlobalSection
	GlobalSection(ExtensibilityGlobals) = postSolution
		SolutionGuid = {287D26E5-2D11-4B37-8501-FCF716E39470}
	EndGlobalSection
EndGlobal
